// !$*UTF8*$!
{
	archiveVersion = 1;
	classes = {
	};
	objectVersion = 50;
	objects = {

/* Begin PBXBuildFile section */
		C00841B622667C21005F392C /* AppDelegate.swift in Sources */ = {isa = PBXBuildFile; fileRef = C00841B522667C21005F392C /* AppDelegate.swift */; };
		C00841BB22667C21005F392C /* Main.storyboard in Resources */ = {isa = PBXBuildFile; fileRef = C00841B922667C21005F392C /* Main.storyboard */; };
		C00841BD22667C22005F392C /* Assets.xcassets in Resources */ = {isa = PBXBuildFile; fileRef = C00841BC22667C22005F392C /* Assets.xcassets */; };
		C00841C022667C22005F392C /* LaunchScreen.storyboard in Resources */ = {isa = PBXBuildFile; fileRef = C00841BE22667C22005F392C /* LaunchScreen.storyboard */; };
		C00841C9226683E9005F392C /* PrimaryButton.swift in Sources */ = {isa = PBXBuildFile; fileRef = C00841C8226683E9005F392C /* PrimaryButton.swift */; };
		C00841CB226687CB005F392C /* LobbyViewController.swift in Sources */ = {isa = PBXBuildFile; fileRef = C00841CA226687CB005F392C /* LobbyViewController.swift */; };
		C00841D22266BBE9005F392C /* GameBoardViewController.swift in Sources */ = {isa = PBXBuildFile; fileRef = C00841D12266BBE9005F392C /* GameBoardViewController.swift */; };
		C08288442266CA01000D3972 /* UINavigationController+Clear.swift in Sources */ = {isa = PBXBuildFile; fileRef = C08288432266CA01000D3972 /* UINavigationController+Clear.swift */; };
		C08288462266D21C000D3972 /* BackArrow.swift in Sources */ = {isa = PBXBuildFile; fileRef = C08288452266D21C000D3972 /* BackArrow.swift */; };
/* End PBXBuildFile section */

/* Begin PBXFileReference section */
		C00841B222667C21005F392C /* MemoryGame.app */ = {isa = PBXFileReference; explicitFileType = wrapper.application; includeInIndex = 0; path = MemoryGame.app; sourceTree = BUILT_PRODUCTS_DIR; };
		C00841B522667C21005F392C /* AppDelegate.swift */ = {isa = PBXFileReference; lastKnownFileType = sourcecode.swift; path = AppDelegate.swift; sourceTree = "<group>"; };
		C00841BA22667C21005F392C /* Base */ = {isa = PBXFileReference; lastKnownFileType = file.storyboard; name = Base; path = Base.lproj/Main.storyboard; sourceTree = "<group>"; };
		C00841BC22667C22005F392C /* Assets.xcassets */ = {isa = PBXFileReference; lastKnownFileType = folder.assetcatalog; path = Assets.xcassets; sourceTree = "<group>"; };
		C00841BF22667C22005F392C /* Base */ = {isa = PBXFileReference; lastKnownFileType = file.storyboard; name = Base; path = Base.lproj/LaunchScreen.storyboard; sourceTree = "<group>"; };
		C00841C122667C22005F392C /* Info.plist */ = {isa = PBXFileReference; lastKnownFileType = text.plist.xml; path = Info.plist; sourceTree = "<group>"; };
		C00841C8226683E9005F392C /* PrimaryButton.swift */ = {isa = PBXFileReference; lastKnownFileType = sourcecode.swift; path = PrimaryButton.swift; sourceTree = "<group>"; };
		C00841CA226687CB005F392C /* LobbyViewController.swift */ = {isa = PBXFileReference; lastKnownFileType = sourcecode.swift; path = LobbyViewController.swift; sourceTree = "<group>"; };
		C00841D12266BBE9005F392C /* GameBoardViewController.swift */ = {isa = PBXFileReference; lastKnownFileType = sourcecode.swift; path = GameBoardViewController.swift; sourceTree = "<group>"; };
		C08288432266CA01000D3972 /* UINavigationController+Clear.swift */ = {isa = PBXFileReference; lastKnownFileType = sourcecode.swift; path = "UINavigationController+Clear.swift"; sourceTree = "<group>"; };
		C08288452266D21C000D3972 /* BackArrow.swift */ = {isa = PBXFileReference; lastKnownFileType = sourcecode.swift; path = BackArrow.swift; sourceTree = "<group>"; };
/* End PBXFileReference section */

/* Begin PBXFrameworksBuildPhase section */
		C00841AF22667C21005F392C /* Frameworks */ = {
			isa = PBXFrameworksBuildPhase;
			buildActionMask = 2147483647;
			files = (
			);
			runOnlyForDeploymentPostprocessing = 0;
		};
/* End PBXFrameworksBuildPhase section */

/* Begin PBXGroup section */
		C00841A922667C21005F392C = {
			isa = PBXGroup;
			children = (
				C00841B422667C21005F392C /* MemoryGame */,
				C00841B322667C21005F392C /* Products */,
			);
			sourceTree = "<group>";
		};
		C00841B322667C21005F392C /* Products */ = {
			isa = PBXGroup;
			children = (
				C00841B222667C21005F392C /* MemoryGame.app */,
			);
			name = Products;
			sourceTree = "<group>";
		};
		C00841B422667C21005F392C /* MemoryGame */ = {
			isa = PBXGroup;
			children = (
				C08288422266C9CA000D3972 /* Extensions */,
				C00841B522667C21005F392C /* AppDelegate.swift */,
				C00841CC226687D8005F392C /* Lobby */,
				C00841CF2266BBBD005F392C /* GameBoard */,
				C00841C72266839E005F392C /* Custom Views */,
				C00841B922667C21005F392C /* Main.storyboard */,
				C00841BE22667C22005F392C /* LaunchScreen.storyboard */,
				C00841BC22667C22005F392C /* Assets.xcassets */,
				C00841C122667C22005F392C /* Info.plist */,
			);
			path = MemoryGame;
			sourceTree = "<group>";
		};
		C00841C72266839E005F392C /* Custom Views */ = {
			isa = PBXGroup;
			children = (
				C00841C8226683E9005F392C /* PrimaryButton.swift */,
				C08288452266D21C000D3972 /* BackArrow.swift */,
			);
			path = "Custom Views";
			sourceTree = "<group>";
		};
		C00841CC226687D8005F392C /* Lobby */ = {
			isa = PBXGroup;
			children = (
				C00841CD226687E4005F392C /* ViewControllers */,
			);
			path = Lobby;
			sourceTree = "<group>";
		};
		C00841CD226687E4005F392C /* ViewControllers */ = {
			isa = PBXGroup;
			children = (
				C00841CA226687CB005F392C /* LobbyViewController.swift */,
			);
			path = ViewControllers;
			sourceTree = "<group>";
		};
		C00841CF2266BBBD005F392C /* GameBoard */ = {
			isa = PBXGroup;
			children = (
				C00841D02266BBD5005F392C /* ViewControllers */,
			);
			path = GameBoard;
			sourceTree = "<group>";
		};
		C00841D02266BBD5005F392C /* ViewControllers */ = {
			isa = PBXGroup;
			children = (
				C00841D12266BBE9005F392C /* GameBoardViewController.swift */,
			);
			path = ViewControllers;
			sourceTree = "<group>";
		};
		C08288422266C9CA000D3972 /* Extensions */ = {
			isa = PBXGroup;
			children = (
				C08288432266CA01000D3972 /* UINavigationController+Clear.swift */,
			);
			path = Extensions;
			sourceTree = "<group>";
		};
/* End PBXGroup section */

/* Begin PBXNativeTarget section */
		C00841B122667C21005F392C /* MemoryGame */ = {
			isa = PBXNativeTarget;
			buildConfigurationList = C00841C422667C22005F392C /* Build configuration list for PBXNativeTarget "MemoryGame" */;
			buildPhases = (
				C00841AE22667C21005F392C /* Sources */,
				C00841AF22667C21005F392C /* Frameworks */,
				C00841B022667C21005F392C /* Resources */,
			);
			buildRules = (
			);
			dependencies = (
			);
			name = MemoryGame;
			productName = MemoryGame;
			productReference = C00841B222667C21005F392C /* MemoryGame.app */;
			productType = "com.apple.product-type.application";
		};
/* End PBXNativeTarget section */

/* Begin PBXProject section */
		C00841AA22667C21005F392C /* Project object */ = {
			isa = PBXProject;
			attributes = {
				LastSwiftUpdateCheck = 1010;
				LastUpgradeCheck = 1010;
				ORGANIZATIONNAME = Powers;
				TargetAttributes = {
					C00841B122667C21005F392C = {
						CreatedOnToolsVersion = 10.1;
					};
				};
			};
			buildConfigurationList = C00841AD22667C21005F392C /* Build configuration list for PBXProject "MemoryGame" */;
			compatibilityVersion = "Xcode 9.3";
			developmentRegion = en;
			hasScannedForEncodings = 0;
			knownRegions = (
				en,
				Base,
			);
			mainGroup = C00841A922667C21005F392C;
			productRefGroup = C00841B322667C21005F392C /* Products */;
			projectDirPath = "";
			projectRoot = "";
			targets = (
				C00841B122667C21005F392C /* MemoryGame */,
			);
		};
/* End PBXProject section */

/* Begin PBXResourcesBuildPhase section */
		C00841B022667C21005F392C /* Resources */ = {
			isa = PBXResourcesBuildPhase;
			buildActionMask = 2147483647;
			files = (
				C00841C022667C22005F392C /* LaunchScreen.storyboard in Resources */,
				C00841BD22667C22005F392C /* Assets.xcassets in Resources */,
				C00841BB22667C21005F392C /* Main.storyboard in Resources */,
			);
			runOnlyForDeploymentPostprocessing = 0;
		};
/* End PBXResourcesBuildPhase section */

/* Begin PBXSourcesBuildPhase section */
		C00841AE22667C21005F392C /* Sources */ = {
			isa = PBXSourcesBuildPhase;
			buildActionMask = 2147483647;
			files = (
				C08288462266D21C000D3972 /* BackArrow.swift in Sources */,
				C08288442266CA01000D3972 /* UINavigationController+Clear.swift in Sources */,
				C00841C9226683E9005F392C /* PrimaryButton.swift in Sources */,
				C00841D22266BBE9005F392C /* GameBoardViewController.swift in Sources */,
				C00841B622667C21005F392C /* AppDelegate.swift in Sources */,
				C00841CB226687CB005F392C /* LobbyViewController.swift in Sources */,
			);
			runOnlyForDeploymentPostprocessing = 0;
		};
/* End PBXSourcesBuildPhase section */

/* Begin PBXVariantGroup section */
		C00841B922667C21005F392C /* Main.storyboard */ = {
			isa = PBXVariantGroup;
			children = (
				C00841BA22667C21005F392C /* Base */,
			);
			name = Main.storyboard;
			sourceTree = "<group>";
		};
		C00841BE22667C22005F392C /* LaunchScreen.storyboard */ = {
			isa = PBXVariantGroup;
			children = (
				C00841BF22667C22005F392C /* Base */,
			);
			name = LaunchScreen.storyboard;
			sourceTree = "<group>";
		};
/* End PBXVariantGroup section */

/* Begin XCBuildConfiguration section */
		C00841C222667C22005F392C /* Debug */ = {
			isa = XCBuildConfiguration;
			buildSettings = {
				ALWAYS_SEARCH_USER_PATHS = NO;
				CLANG_ANALYZER_NONNULL = YES;
				CLANG_ANALYZER_NUMBER_OBJECT_CONVERSION = YES_AGGRESSIVE;
				CLANG_CXX_LANGUAGE_STANDARD = "gnu++14";
				CLANG_CXX_LIBRARY = "libc++";
				CLANG_ENABLE_MODULES = YES;
				CLANG_ENABLE_OBJC_ARC = YES;
				CLANG_ENABLE_OBJC_WEAK = YES;
				CLANG_WARN_BLOCK_CAPTURE_AUTORELEASING = YES;
				CLANG_WARN_BOOL_CONVERSION = YES;
				CLANG_WARN_COMMA = YES;
				CLANG_WARN_CONSTANT_CONVERSION = YES;
				CLANG_WARN_DEPRECATED_OBJC_IMPLEMENTATIONS = YES;
				CLANG_WARN_DIRECT_OBJC_ISA_USAGE = YES_ERROR;
				CLANG_WARN_DOCUMENTATION_COMMENTS = YES;
				CLANG_WARN_EMPTY_BODY = YES;
				CLANG_WARN_ENUM_CONVERSION = YES;
				CLANG_WARN_INFINITE_RECURSION = YES;
				CLANG_WARN_INT_CONVERSION = YES;
				CLANG_WARN_NON_LITERAL_NULL_CONVERSION = YES;
				CLANG_WARN_OBJC_IMPLICIT_RETAIN_SELF = YES;
				CLANG_WARN_OBJC_LITERAL_CONVERSION = YES;
				CLANG_WARN_OBJC_ROOT_CLASS = YES_ERROR;
				CLANG_WARN_RANGE_LOOP_ANALYSIS = YES;
				CLANG_WARN_STRICT_PROTOTYPES = YES;
				CLANG_WARN_SUSPICIOUS_MOVE = YES;
				CLANG_WARN_UNGUARDED_AVAILABILITY = YES_AGGRESSIVE;
				CLANG_WARN_UNREACHABLE_CODE = YES;
				CLANG_WARN__DUPLICATE_METHOD_MATCH = YES;
				CODE_SIGN_IDENTITY = "iPhone Developer";
				COPY_PHASE_STRIP = NO;
				DEBUG_INFORMATION_FORMAT = dwarf;
				ENABLE_STRICT_OBJC_MSGSEND = YES;
				ENABLE_TESTABILITY = YES;
				GCC_C_LANGUAGE_STANDARD = gnu11;
				GCC_DYNAMIC_NO_PIC = NO;
				GCC_NO_COMMON_BLOCKS = YES;
				GCC_OPTIMIZATION_LEVEL = 0;
				GCC_PREPROCESSOR_DEFINITIONS = (
					"DEBUG=1",
					"$(inherited)",
				);
				GCC_WARN_64_TO_32_BIT_CONVERSION = YES;
				GCC_WARN_ABOUT_RETURN_TYPE = YES_ERROR;
				GCC_WARN_UNDECLARED_SELECTOR = YES;
				GCC_WARN_UNINITIALIZED_AUTOS = YES_AGGRESSIVE;
				GCC_WARN_UNUSED_FUNCTION = YES;
				GCC_WARN_UNUSED_VARIABLE = YES;
				IPHONEOS_DEPLOYMENT_TARGET = 12.1;
				MTL_ENABLE_DEBUG_INFO = INCLUDE_SOURCE;
				MTL_FAST_MATH = YES;
				ONLY_ACTIVE_ARCH = YES;
				SDKROOT = iphoneos;
				SWIFT_ACTIVE_COMPILATION_CONDITIONS = DEBUG;
				SWIFT_OPTIMIZATION_LEVEL = "-Onone";
			};
			name = Debug;
		};
		C00841C322667C22005F392C /* Release */ = {
			isa = XCBuildConfiguration;
			buildSettings = {
				ALWAYS_SEARCH_USER_PATHS = NO;
				CLANG_ANALYZER_NONNULL = YES;
				CLANG_ANALYZER_NUMBER_OBJECT_CONVERSION = YES_AGGRESSIVE;
				CLANG_CXX_LANGUAGE_STANDARD = "gnu++14";
				CLANG_CXX_LIBRARY = "libc++";
				CLANG_ENABLE_MODULES = YES;
				CLANG_ENABLE_OBJC_ARC = YES;
				CLANG_ENABLE_OBJC_WEAK = YES;
				CLANG_WARN_BLOCK_CAPTURE_AUTORELEASING = YES;
				CLANG_WARN_BOOL_CONVERSION = YES;
				CLANG_WARN_COMMA = YES;
				CLANG_WARN_CONSTANT_CONVERSION = YES;
				CLANG_WARN_DEPRECATED_OBJC_IMPLEMENTATIONS = YES;
				CLANG_WARN_DIRECT_OBJC_ISA_USAGE = YES_ERROR;
				CLANG_WARN_DOCUMENTATION_COMMENTS = YES;
				CLANG_WARN_EMPTY_BODY = YES;
				CLANG_WARN_ENUM_CONVERSION = YES;
				CLANG_WARN_INFINITE_RECURSION = YES;
				CLANG_WARN_INT_CONVERSION = YES;
				CLANG_WARN_NON_LITERAL_NULL_CONVERSION = YES;
				CLANG_WARN_OBJC_IMPLICIT_RETAIN_SELF = YES;
				CLANG_WARN_OBJC_LITERAL_CONVERSION = YES;
				CLANG_WARN_OBJC_ROOT_CLASS = YES_ERROR;
				CLANG_WARN_RANGE_LOOP_ANALYSIS = YES;
				CLANG_WARN_STRICT_PROTOTYPES = YES;
				CLANG_WARN_SUSPICIOUS_MOVE = YES;
				CLANG_WARN_UNGUARDED_AVAILABILITY = YES_AGGRESSIVE;
				CLANG_WARN_UNREACHABLE_CODE = YES;
				CLANG_WARN__DUPLICATE_METHOD_MATCH = YES;
				CODE_SIGN_IDENTITY = "iPhone Developer";
				COPY_PHASE_STRIP = NO;
				DEBUG_INFORMATION_FORMAT = "dwarf-with-dsym";
				ENABLE_NS_ASSERTIONS = NO;
				ENABLE_STRICT_OBJC_MSGSEND = YES;
				GCC_C_LANGUAGE_STANDARD = gnu11;
				GCC_NO_COMMON_BLOCKS = YES;
				GCC_WARN_64_TO_32_BIT_CONVERSION = YES;
				GCC_WARN_ABOUT_RETURN_TYPE = YES_ERROR;
				GCC_WARN_UNDECLARED_SELECTOR = YES;
				GCC_WARN_UNINITIALIZED_AUTOS = YES_AGGRESSIVE;
				GCC_WARN_UNUSED_FUNCTION = YES;
				GCC_WARN_UNUSED_VARIABLE = YES;
				IPHONEOS_DEPLOYMENT_TARGET = 12.1;
				MTL_ENABLE_DEBUG_INFO = NO;
				MTL_FAST_MATH = YES;
				SDKROOT = iphoneos;
				SWIFT_COMPILATION_MODE = wholemodule;
				SWIFT_OPTIMIZATION_LEVEL = "-O";
				VALIDATE_PRODUCT = YES;
			};
			name = Release;
		};
		C00841C522667C22005F392C /* Debug */ = {
			isa = XCBuildConfiguration;
			buildSettings = {
				ASSETCATALOG_COMPILER_APPICON_NAME = AppIcon;
				CODE_SIGN_STYLE = Automatic;
				INFOPLIST_FILE = MemoryGame/Info.plist;
				IPHONEOS_DEPLOYMENT_TARGET = 11.0;
				LD_RUNPATH_SEARCH_PATHS = (
					"$(inherited)",
					"@executable_path/Frameworks",
				);
				PRODUCT_BUNDLE_IDENTIFIER = com.powers.MemoryGame;
				PRODUCT_NAME = "$(TARGET_NAME)";
				SWIFT_VERSION = 4.2;
				TARGETED_DEVICE_FAMILY = "1,2";
			};
			name = Debug;
		};
		C00841C622667C22005F392C /* Release */ = {
			isa = XCBuildConfiguration;
			buildSettings = {
				ASSETCATALOG_COMPILER_APPICON_NAME = AppIcon;
				CODE_SIGN_STYLE = Automatic;
				INFOPLIST_FILE = MemoryGame/Info.plist;
				IPHONEOS_DEPLOYMENT_TARGET = 11.0;
				LD_RUNPATH_SEARCH_PATHS = (
					"$(inherited)",
					"@executable_path/Frameworks",
				);
				PRODUCT_BUNDLE_IDENTIFIER = com.powers.MemoryGame;
				PRODUCT_NAME = "$(TARGET_NAME)";
				SWIFT_VERSION = 4.2;
				TARGETED_DEVICE_FAMILY = "1,2";
			};
			name = Release;
		};
/* End XCBuildConfiguration section */

/* Begin XCConfigurationList section */
		C00841AD22667C21005F392C /* Build configuration list for PBXProject "MemoryGame" */ = {
			isa = XCConfigurationList;
			buildConfigurations = (
				C00841C222667C22005F392C /* Debug */,
				C00841C322667C22005F392C /* Release */,
			);
			defaultConfigurationIsVisible = 0;
			defaultConfigurationName = Release;
		};
		C00841C422667C22005F392C /* Build configuration list for PBXNativeTarget "MemoryGame" */ = {
			isa = XCConfigurationList;
			buildConfigurations = (
				C00841C522667C22005F392C /* Debug */,
				C00841C622667C22005F392C /* Release */,
			);
			defaultConfigurationIsVisible = 0;
			defaultConfigurationName = Release;
		};
/* End XCConfigurationList section */
	};
	rootObject = C00841AA22667C21005F392C /* Project object */;
}
